
Microsoft Visual Studio Solution File, Format Version 12.00
# Visual Studio Version 16
VisualStudioVersion = 16.0.30717.126
MinimumVisualStudioVersion = 10.0.40219.1
Project("{8BC9CEB8-8B4A-11D0-8D11-00A0C91BC942}") = "contoh if else", "contoh if else\contoh if else.vcxproj", "{82D1A157-B2FF-4955-8A5B-E49137458DBC}"
EndProject
Global
	GlobalSection(SolutionConfigurationPlatforms) = preSolution
		Debug|x64 = Debug|x64
		Debug|x86 = Debug|x86
		Release|x64 = Release|x64
		Release|x86 = Release|x86
	EndGlobalSection
	GlobalSection(ProjectConfigurationPlatforms) = postSolution
		{82D1A157-B2FF-4955-8A5B-E49137458DBC}.Debug|x64.ActiveCfg = Debug|x64
		{82D1A157-B2FF-4955-8A5B-E49137458DBC}.Debug|x64.Build.0 = Debug|x64
		{82D1A157-B2FF-4955-8A5B-E49137458DBC}.Debug|x86.ActiveCfg = Debug|Win32
		{82D1A157-B2FF-4955-8A5B-E49137458DBC}.Debug|x86.Build.0 = Debug|Win32
		{82D1A157-B2FF-4955-8A5B-E49137458DBC}.Release|x64.ActiveCfg = Release|x64
		{82D1A157-B2FF-4955-8A5B-E49137458DBC}.Release|x64.Build.0 = Release|x64
		{82D1A157-B2FF-4955-8A5B-E49137458DBC}.Release|x86.ActiveCfg = Release|Win32
		{82D1A157-B2FF-4955-8A5B-E49137458DBC}.Release|x86.Build.0 = Release|Win32
	EndGlobalSection
	GlobalSection(SolutionProperties) = preSolution
		HideSolutionNode = FALSE
	EndGlobalSection
	GlobalSection(ExtensibilityGlobals) = postSolution
		SolutionGuid = {1172AAE3-DA76-465D-BFF8-17DA47C1379B}
	EndGlobalSection
EndGlobal
